
Microsoft Visual Studio Solution File, Format Version 12.00
# Visual Studio Version 16
VisualStudioVersion = 16.0.29806.167
MinimumVisualStudioVersion = 10.0.40219.1
Project("{8BC9CEB8-8B4A-11D0-8D11-00A0C91BC942}") = "pHake", "pHake\pHake.vcxproj", "{43570EAA-AB0A-4EB0-B054-7152D2766689}"
EndProject
Global
	GlobalSection(SolutionConfigurationPlatforms) = preSolution
		Debug|x64 = Debug|x64
		Debug|x86 = Debug|x86
		Release|x64 = Release|x64
		Release|x86 = Release|x86
	EndGlobalSection
	GlobalSection(ProjectConfigurationPlatforms) = postSolution
		{43570EAA-AB0A-4EB0-B054-7152D2766689}.Debug|x64.ActiveCfg = Debug|x64
		{43570EAA-AB0A-4EB0-B054-7152D2766689}.Debug|x64.Build.0 = Debug|x64
		{43570EAA-AB0A-4EB0-B054-7152D2766689}.Debug|x86.ActiveCfg = Debug|Win32
		{43570EAA-AB0A-4EB0-B054-7152D2766689}.Debug|x86.Build.0 = Debug|Win32
		{43570EAA-AB0A-4EB0-B054-7152D2766689}.Release|x64.ActiveCfg = Release|x64
		{43570EAA-AB0A-4EB0-B054-7152D2766689}.Release|x64.Build.0 = Release|x64
		{43570EAA-AB0A-4EB0-B054-7152D2766689}.Release|x86.ActiveCfg = Release|Win32
		{43570EAA-AB0A-4EB0-B054-7152D2766689}.Release|x86.Build.0 = Release|Win32
	EndGlobalSection
	GlobalSection(SolutionProperties) = preSolution
		HideSolutionNode = FALSE
	EndGlobalSection
	GlobalSection(ExtensibilityGlobals) = postSolution
		SolutionGuid = {D6CF54D7-575D-4DC4-989E-95B0E25E2ADB}
	EndGlobalSection
EndGlobal
