<?xml version="1.0" encoding="utf-8"?>
<Project ToolsVersion="4.0" xmlns="http://schemas.microsoft.com/developer/msbuild/2003">
  <ItemGroup>
    <Filter Include="pHake">
      <UniqueIdentifier>{4FC737F1-C7A5-4376-A066-2A32D752A2FF}</UniqueIdentifier>
      <Extensions>cpp;c;cc;cxx;def;odl;idl;hpj;bat;asm;asmx</Extensions>
    </Filter>
    <Filter Include="pHake\Cheats">
      <UniqueIdentifier>{f616b6aa-aaff-4c13-a09b-b660859319d3}</UniqueIdentifier>
    </Filter>
    <Filter Include="pHake\SDK">
      <UniqueIdentifier>{5875738b-365b-4d3c-9f2f-38b4a5062ff1}</UniqueIdentifier>
    </Filter>
    <Filter Include="pHake\pLib">
      <UniqueIdentifier>{43e4359f-852c-4817-b7c3-61c0c802b8d5}</UniqueIdentifier>
    </Filter>
    <Filter Include="pHake\pLib\Memory">
      <UniqueIdentifier>{666703a3-fcc1-48c7-a0ef-ac2f94b10d0e}</UniqueIdentifier>
    </Filter>
    <Filter Include="pHake\pLib\Ui">
      <UniqueIdentifier>{3752e10c-e60d-4411-8064-fb500237ab9b}</UniqueIdentifier>
    </Filter>
  </ItemGroup>
  <ItemGroup>
    <ClInclude Include="SDK\AmmoInfo.hpp">
      <Filter>pHake\SDK</Filter>
    </ClInclude>
    <ClInclude Include="SDK\Player.hpp">
      <Filter>pHake\SDK</Filter>
    </ClInclude>
    <ClInclude Include="SDK\Position.hpp">
      <Filter>pHake\SDK</Filter>
    </ClInclude>
    <ClInclude Include="SDK\Vehicle.hpp">
      <Filter>pHake\SDK</Filter>
    </ClInclude>
    <ClInclude Include="SDK\VehicleHandling.hpp">
      <Filter>pHake\SDK</Filter>
    </ClInclude>
    <ClInclude Include="SDK\World.hpp">
      <Filter>pHake\SDK</Filter>
    </ClInclude>
    <ClInclude Include="SDK\WeaponManager.hpp">
      <Filter>pHake\SDK</Filter>
    </ClInclude>
    <ClInclude Include="SDK\Weapon.hpp">
      <Filter>pHake\SDK</Filter>
    </ClInclude>
    <ClInclude Include="SDK\PlayerInfo.hpp">
      <Filter>pHake\SDK</Filter>
    </ClInclude>
    <ClInclude Include="main.hpp">
      <Filter>pHake</Filter>
    </ClInclude>
    <ClInclude Include="SDK\NPC.hpp">
      <Filter>pHake\SDK</Filter>
    </ClInclude>
    <ClInclude Include="Cheats\MaxWeapon.hpp">
      <Filter>pHake\Cheats</Filter>
    </ClInclude>
    <ClInclude Include="Cheats\NoClip.hpp">
      <Filter>pHake\Cheats</Filter>
    </ClInclude>
    <ClInclude Include="Cheats\Teleport.hpp">
      <Filter>pHake\Cheats</Filter>
    </ClInclude>
    <ClInclude Include="Cheats\NoWanted.hpp">
      <Filter>pHake\Cheats</Filter>
    </ClInclude>
    <ClInclude Include="Cheats\GodMode.hpp">
      <Filter>pHake\Cheats</Filter>
    </ClInclude>
    <ClInclude Include="Cheats\Trigger.hpp">
      <Filter>pHake\Cheats</Filter>
    </ClInclude>
    <ClInclude Include="Cheats\RPLoop.hpp">
      <Filter>pHake\Cheats</Filter>
    </ClInclude>
    <ClInclude Include="Cheats\BoostPlayer.hpp">
      <Filter>pHake\Cheats</Filter>
    </ClInclude>
    <ClInclude Include="Cheats\BoostVehicle.hpp">
      <Filter>pHake\Cheats</Filter>
    </ClInclude>
    <ClInclude Include="Cheats\Suicide.hpp">
      <Filter>pHake\Cheats</Filter>
    </ClInclude>
    <ClInclude Include="pLib\pCheat.hpp">
      <Filter>pHake\pLib</Filter>
    </ClInclude>
    <ClInclude Include="pLib\pMenu.hpp">
      <Filter>pHake\pLib</Filter>
    </ClInclude>
    <ClInclude Include="pLib\pHelper.hpp">
      <Filter>pHake\pLib</Filter>
    </ClInclude>
    <ClInclude Include="pLib\pINI.hpp">
      <Filter>pHake\pLib</Filter>
    </ClInclude>
    <ClInclude Include="pLib\pThread.hpp">
      <Filter>pHake\pLib</Filter>
    </ClInclude>
    <ClInclude Include="Settings.hpp">
      <Filter>pHake</Filter>
    </ClInclude>
    <ClInclude Include="pLib\Ui\pButton.hpp">
      <Filter>pHake\pLib\Ui</Filter>
    </ClInclude>
    <ClInclude Include="pLib\Ui\pFont.hpp">
      <Filter>pHake\pLib\Ui</Filter>
    </ClInclude>
    <ClInclude Include="pLib\Ui\pItem.hpp">
      <Filter>pHake\pLib\Ui</Filter>
    </ClInclude>
    <ClInclude Include="pLib\Ui\pList.hpp">
      <Filter>pHake\pLib\Ui</Filter>
    </ClInclude>
    <ClInclude Include="pLib\Ui\pMouse.hpp">
      <Filter>pHake\pLib\Ui</Filter>
    </ClInclude>
    <ClInclude Include="pLib\Ui\pNotificationCenter.hpp">
      <Filter>pHake\pLib\Ui</Filter>
    </ClInclude>
    <ClInclude Include="pLib\Ui\pOverlay.hpp">
      <Filter>pHake\pLib\Ui</Filter>
    </ClInclude>
    <ClInclude Include="pLib\Ui\pWindow.hpp">
      <Filter>pHake\pLib\Ui</Filter>
    </ClInclude>
    <ClInclude Include="pLib\Memory\pClass.hpp">
      <Filter>pHake\pLib\Memory</Filter>
    </ClInclude>
    <ClInclude Include="pLib\Memory\pDetour.hpp">
      <Filter>pHake\pLib\Memory</Filter>
    </ClInclude>
    <ClInclude Include="pLib\Memory\pProcess.hpp">
      <Filter>pHake\pLib\Memory</Filter>
    </ClInclude>
    <ClInclude Include="pLib\Memory\vec3.hpp">
      <Filter>pHake\pLib\Memory</Filter>
    </ClInclude>
  </ItemGroup>
  <ItemGroup>
    <ClCompile Include="main.cpp">
      <Filter>pHake</Filter>
    </ClCompile>
    <ClCompile Include="Cheats\MaxWeapon.cpp">
      <Filter>pHake\Cheats</Filter>
    </ClCompile>
    <ClCompile Include="Cheats\NoClip.cpp">
      <Filter>pHake\Cheats</Filter>
    </ClCompile>
    <ClCompile Include="Cheats\NoWanted.cpp">
      <Filter>pHake\Cheats</Filter>
    </ClCompile>
    <ClCompile Include="Cheats\GodMode.cpp">
      <Filter>pHake\Cheats</Filter>
    </ClCompile>
    <ClCompile Include="Cheats\Trigger.cpp">
      <Filter>pHake\Cheats</Filter>
    </ClCompile>
    <ClCompile Include="Cheats\RPLoop.cpp">
      <Filter>pHake\Cheats</Filter>
    </ClCompile>
    <ClCompile Include="Cheats\BoostPlayer.cpp">
      <Filter>pHake\Cheats</Filter>
    </ClCompile>
    <ClCompile Include="Cheats\BoostVehicle.cpp">
      <Filter>pHake\Cheats</Filter>
    </ClCompile>
    <ClCompile Include="Cheats\Suicide.cpp">
      <Filter>pHake\Cheats</Filter>
    </ClCompile>
    <ClCompile Include="Cheats\Teleport.cpp">
      <Filter>pHake\Cheats</Filter>
    </ClCompile>
    <ClCompile Include="pLib\pCheat.cpp">
      <Filter>pHake\pLib</Filter>
    </ClCompile>
    <ClCompile Include="pLib\pMenu.cpp">
      <Filter>pHake\pLib</Filter>
    </ClCompile>
    <ClCompile Include="pLib\pINI.cpp">
      <Filter>pHake\pLib</Filter>
    </ClCompile>
    <ClCompile Include="pLib\pThread.cpp">
      <Filter>pHake\pLib</Filter>
    </ClCompile>
    <ClCompile Include="pLib\Ui\pButton.cpp">
      <Filter>pHake\pLib\Ui</Filter>
    </ClCompile>
    <ClCompile Include="pLib\Ui\pItem.cpp">
      <Filter>pHake\pLib\Ui</Filter>
    </ClCompile>
    <ClCompile Include="pLib\Ui\pList.cpp">
      <Filter>pHake\pLib\Ui</Filter>
    </ClCompile>
    <ClCompile Include="pLib\Ui\pMouse.cpp">
      <Filter>pHake\pLib\Ui</Filter>
    </ClCompile>
    <ClCompile Include="pLib\Ui\pNotificationCenter.cpp">
      <Filter>pHake\pLib\Ui</Filter>
    </ClCompile>
    <ClCompile Include="pLib\Ui\pOverlay.cpp">
      <Filter>pHake\pLib\Ui</Filter>
    </ClCompile>
    <ClCompile Include="pLib\Ui\pWindow.cpp">
      <Filter>pHake\pLib\Ui</Filter>
    </ClCompile>
    <ClCompile Include="pLib\Memory\pClass.cpp">
      <Filter>pHake\pLib\Memory</Filter>
    </ClCompile>
    <ClCompile Include="pLib\Memory\pProcess.cpp">
      <Filter>pHake\pLib\Memory</Filter>
    </ClCompile>
    <ClCompile Include="Settings.cpp">
      <Filter>pHake</Filter>
    </ClCompile>
  </ItemGroup>
</Project>