<?xml version="1.0" encoding="utf-8"?>
<Project ToolsVersion="4.0" xmlns="http://schemas.microsoft.com/developer/msbuild/2003">
  <ItemGroup>
    <Filter Include="Source Files">
      <UniqueIdentifier>{4FC737F1-C7A5-4376-A066-2A32D752A2FF}</UniqueIdentifier>
      <Extensions>cpp;c;cc;cxx;def;odl;idl;hpj;bat;asm;asmx</Extensions>
    </Filter>
    <Filter Include="Header Files">
      <UniqueIdentifier>{93995380-89BD-4b04-88EB-625FBE52EBFB}</UniqueIdentifier>
      <Extensions>h;hh;hpp;hxx;hm;inl;inc;ipp;xsd</Extensions>
    </Filter>
    <Filter Include="Resource Files">
      <UniqueIdentifier>{67DA6AB6-F800-4c08-8B7A-83BB121AAD01}</UniqueIdentifier>
      <Extensions>rc;ico;cur;bmp;dlg;rc2;rct;bin;rgs;gif;jpg;jpeg;jpe;resx;tiff;tif;png;wav;mfcribbon-ms</Extensions>
    </Filter>
    <Filter Include="Header Files\SDK">
      <UniqueIdentifier>{5875738b-365b-4d3c-9f2f-38b4a5062ff1}</UniqueIdentifier>
    </Filter>
    <Filter Include="Source Files\Cheats">
      <UniqueIdentifier>{f616b6aa-aaff-4c13-a09b-b660859319d3}</UniqueIdentifier>
    </Filter>
    <Filter Include="Header Files\pLib">
      <UniqueIdentifier>{43e4359f-852c-4817-b7c3-61c0c802b8d5}</UniqueIdentifier>
    </Filter>
    <Filter Include="Header Files\pLib\pUi">
      <UniqueIdentifier>{3752e10c-e60d-4411-8064-fb500237ab9b}</UniqueIdentifier>
    </Filter>
    <Filter Include="Header Files\pLib\pMemory">
      <UniqueIdentifier>{666703a3-fcc1-48c7-a0ef-ac2f94b10d0e}</UniqueIdentifier>
    </Filter>
  </ItemGroup>
  <ItemGroup>
    <ClInclude Include="SDK\AmmoInfo.hpp">
      <Filter>Header Files\SDK</Filter>
    </ClInclude>
    <ClInclude Include="SDK\Player.hpp">
      <Filter>Header Files\SDK</Filter>
    </ClInclude>
    <ClInclude Include="SDK\Position.hpp">
      <Filter>Header Files\SDK</Filter>
    </ClInclude>
    <ClInclude Include="SDK\Vehicle.hpp">
      <Filter>Header Files\SDK</Filter>
    </ClInclude>
    <ClInclude Include="SDK\VehicleHandling.hpp">
      <Filter>Header Files\SDK</Filter>
    </ClInclude>
    <ClInclude Include="SDK\World.hpp">
      <Filter>Header Files\SDK</Filter>
    </ClInclude>
    <ClInclude Include="SDK\WeaponManager.hpp">
      <Filter>Header Files\SDK</Filter>
    </ClInclude>
    <ClInclude Include="SDK\Weapon.hpp">
      <Filter>Header Files\SDK</Filter>
    </ClInclude>
    <ClInclude Include="SDK\PlayerInfo.hpp">
      <Filter>Header Files\SDK</Filter>
    </ClInclude>
    <ClInclude Include="main.hpp">
      <Filter>Source Files</Filter>
    </ClInclude>
    <ClInclude Include="SDK\NPC.hpp">
      <Filter>Header Files\SDK</Filter>
    </ClInclude>
    <ClInclude Include="Cheats\MaxWeapon.hpp">
      <Filter>Source Files\Cheats</Filter>
    </ClInclude>
    <ClInclude Include="globals.hpp">
      <Filter>Source Files</Filter>
    </ClInclude>
    <ClInclude Include="Cheats\NoClip.hpp">
      <Filter>Source Files\Cheats</Filter>
    </ClInclude>
    <ClInclude Include="Cheats\Teleport.hpp">
      <Filter>Source Files\Cheats</Filter>
    </ClInclude>
    <ClInclude Include="Cheats\NoWanted.hpp">
      <Filter>Source Files\Cheats</Filter>
    </ClInclude>
    <ClInclude Include="Cheats\GodMode.hpp">
      <Filter>Source Files\Cheats</Filter>
    </ClInclude>
    <ClInclude Include="Cheats\Trigger.hpp">
      <Filter>Source Files\Cheats</Filter>
    </ClInclude>
    <ClInclude Include="Cheats\RPLoop.hpp">
      <Filter>Source Files\Cheats</Filter>
    </ClInclude>
    <ClInclude Include="Cheats\BoostPlayer.hpp">
      <Filter>Source Files\Cheats</Filter>
    </ClInclude>
    <ClInclude Include="Cheats\BoostVehicle.hpp">
      <Filter>Source Files\Cheats</Filter>
    </ClInclude>
    <ClInclude Include="Cheats\Suicide.hpp">
      <Filter>Source Files\Cheats</Filter>
    </ClInclude>
    <ClInclude Include="pLib\pCheat.hpp">
      <Filter>Header Files\pLib</Filter>
    </ClInclude>
    <ClInclude Include="pLib\pHake.hpp">
      <Filter>Header Files\pLib</Filter>
    </ClInclude>
    <ClInclude Include="pLib\pHelper.hpp">
      <Filter>Header Files\pLib</Filter>
    </ClInclude>
    <ClInclude Include="pLib\pINI.hpp">
      <Filter>Header Files\pLib</Filter>
    </ClInclude>
    <ClInclude Include="pLib\pThread.hpp">
      <Filter>Header Files\pLib</Filter>
    </ClInclude>
    <ClInclude Include="pLib\pUi\pButton.hpp">
      <Filter>Header Files\pLib\pUi</Filter>
    </ClInclude>
    <ClInclude Include="pLib\pUi\pFont.hpp">
      <Filter>Header Files\pLib\pUi</Filter>
    </ClInclude>
    <ClInclude Include="pLib\pUi\pItem.hpp">
      <Filter>Header Files\pLib\pUi</Filter>
    </ClInclude>
    <ClInclude Include="pLib\pUi\pList.hpp">
      <Filter>Header Files\pLib\pUi</Filter>
    </ClInclude>
    <ClInclude Include="pLib\pUi\pMouse.hpp">
      <Filter>Header Files\pLib\pUi</Filter>
    </ClInclude>
    <ClInclude Include="pLib\pUi\pNotificationCenter.hpp">
      <Filter>Header Files\pLib\pUi</Filter>
    </ClInclude>
    <ClInclude Include="pLib\pUi\pOverlay.hpp">
      <Filter>Header Files\pLib\pUi</Filter>
    </ClInclude>
    <ClInclude Include="pLib\pUi\pWindow.hpp">
      <Filter>Header Files\pLib\pUi</Filter>
    </ClInclude>
    <ClInclude Include="pLib\pMemory\pDetour.hpp">
      <Filter>Header Files\pLib\pMemory</Filter>
    </ClInclude>
    <ClInclude Include="pLib\pMemory\pClass.hpp">
      <Filter>Header Files\pLib\pMemory</Filter>
    </ClInclude>
    <ClInclude Include="pLib\pMemory\pProcess.hpp">
      <Filter>Header Files\pLib\pMemory</Filter>
    </ClInclude>
    <ClInclude Include="pLib\pMemory\vec3.hpp">
      <Filter>Header Files\pLib\pMemory</Filter>
    </ClInclude>
  </ItemGroup>
  <ItemGroup>
    <ClCompile Include="main.cpp">
      <Filter>Source Files</Filter>
    </ClCompile>
    <ClCompile Include="Cheats\MaxWeapon.cpp">
      <Filter>Source Files\Cheats</Filter>
    </ClCompile>
    <ClCompile Include="Cheats\NoClip.cpp">
      <Filter>Source Files\Cheats</Filter>
    </ClCompile>
    <ClCompile Include="Cheats\NoWanted.cpp">
      <Filter>Source Files\Cheats</Filter>
    </ClCompile>
    <ClCompile Include="Cheats\GodMode.cpp">
      <Filter>Source Files\Cheats</Filter>
    </ClCompile>
    <ClCompile Include="Cheats\Trigger.cpp">
      <Filter>Source Files\Cheats</Filter>
    </ClCompile>
    <ClCompile Include="Cheats\RPLoop.cpp">
      <Filter>Source Files\Cheats</Filter>
    </ClCompile>
    <ClCompile Include="Cheats\BoostPlayer.cpp">
      <Filter>Source Files\Cheats</Filter>
    </ClCompile>
    <ClCompile Include="Cheats\BoostVehicle.cpp">
      <Filter>Source Files\Cheats</Filter>
    </ClCompile>
    <ClCompile Include="Cheats\Suicide.cpp">
      <Filter>Source Files\Cheats</Filter>
    </ClCompile>
    <ClCompile Include="Cheats\Teleport.cpp">
      <Filter>Source Files\Cheats</Filter>
    </ClCompile>
    <ClCompile Include="pLib\pCheat.cpp">
      <Filter>Header Files\pLib</Filter>
    </ClCompile>
    <ClCompile Include="pLib\pHake.cpp">
      <Filter>Header Files\pLib</Filter>
    </ClCompile>
    <ClCompile Include="pLib\pINI.cpp">
      <Filter>Header Files\pLib</Filter>
    </ClCompile>
    <ClCompile Include="pLib\pThread.cpp">
      <Filter>Header Files\pLib</Filter>
    </ClCompile>
    <ClCompile Include="pLib\pUi\pButton.cpp">
      <Filter>Header Files\pLib\pUi</Filter>
    </ClCompile>
    <ClCompile Include="pLib\pUi\pItem.cpp">
      <Filter>Header Files\pLib\pUi</Filter>
    </ClCompile>
    <ClCompile Include="pLib\pUi\pList.cpp">
      <Filter>Header Files\pLib\pUi</Filter>
    </ClCompile>
    <ClCompile Include="pLib\pUi\pMouse.cpp">
      <Filter>Header Files\pLib\pUi</Filter>
    </ClCompile>
    <ClCompile Include="pLib\pUi\pNotificationCenter.cpp">
      <Filter>Header Files\pLib\pUi</Filter>
    </ClCompile>
    <ClCompile Include="pLib\pUi\pOverlay.cpp">
      <Filter>Header Files\pLib\pUi</Filter>
    </ClCompile>
    <ClCompile Include="pLib\pUi\pWindow.cpp">
      <Filter>Header Files\pLib\pUi</Filter>
    </ClCompile>
    <ClCompile Include="pLib\pMemory\pProcess.cpp">
      <Filter>Header Files\pLib\pMemory</Filter>
    </ClCompile>
  </ItemGroup>
</Project>